
Microsoft Visual Studio Solution File, Format Version 12.00
# Visual Studio Version 17
VisualStudioVersion = 17.0.31903.59
MinimumVisualStudioVersion = 10.0.40219.1
Project("{FAE04EC0-301F-11D3-BF4B-00C04F79EFBC}") = "Задание 7.1", "Задание 7.1\Задание 7.1.csproj", "{25AD7EE2-7BF2-48B4-A05D-059A14B6531C}"
EndProject
Global
	GlobalSection(SolutionConfigurationPlatforms) = preSolution
		Debug|Any CPU = Debug|Any CPU
		Release|Any CPU = Release|Any CPU
	EndGlobalSection
	GlobalSection(ProjectConfigurationPlatforms) = postSolution
		{25AD7EE2-7BF2-48B4-A05D-059A14B6531C}.Debug|Any CPU.ActiveCfg = Debug|Any CPU
		{25AD7EE2-7BF2-48B4-A05D-059A14B6531C}.Debug|Any CPU.Build.0 = Debug|Any CPU
		{25AD7EE2-7BF2-48B4-A05D-059A14B6531C}.Release|Any CPU.ActiveCfg = Release|Any CPU
		{25AD7EE2-7BF2-48B4-A05D-059A14B6531C}.Release|Any CPU.Build.0 = Release|Any CPU
	EndGlobalSection
	GlobalSection(SolutionProperties) = preSolution
		HideSolutionNode = FALSE
	EndGlobalSection
	GlobalSection(ExtensibilityGlobals) = postSolution
		SolutionGuid = {19F19057-051C-48AA-A7CD-31103C45DA18}
	EndGlobalSection
EndGlobal
